
Microsoft Visual Studio Solution File, Format Version 12.00
# Visual Studio Version 17
VisualStudioVersion = 17.1.32421.90
MinimumVisualStudioVersion = 10.0.40219.1
Project("{FAE04EC0-301F-11D3-BF4B-00C04F79EFBC}") = "ASP.NET_HelloWorld", "ASP.NET_HelloWorld\ASP.NET_HelloWorld.csproj", "{9285954F-30D7-4683-AA9B-57C3B49C37D3}"
EndProject
Global
	GlobalSection(SolutionConfigurationPlatforms) = preSolution
		Debug|Any CPU = Debug|Any CPU
		Release|Any CPU = Release|Any CPU
	EndGlobalSection
	GlobalSection(ProjectConfigurationPlatforms) = postSolution
		{9285954F-30D7-4683-AA9B-57C3B49C37D3}.Debug|Any CPU.ActiveCfg = Debug|Any CPU
		{9285954F-30D7-4683-AA9B-57C3B49C37D3}.Debug|Any CPU.Build.0 = Debug|Any CPU
		{9285954F-30D7-4683-AA9B-57C3B49C37D3}.Release|Any CPU.ActiveCfg = Release|Any CPU
		{9285954F-30D7-4683-AA9B-57C3B49C37D3}.Release|Any CPU.Build.0 = Release|Any CPU
	EndGlobalSection
	GlobalSection(SolutionProperties) = preSolution
		HideSolutionNode = FALSE
	EndGlobalSection
	GlobalSection(ExtensibilityGlobals) = postSolution
		SolutionGuid = {16C4B201-EFD6-44B5-895F-49E86F9C963F}
	EndGlobalSection
EndGlobal
